schema: '2.0'
stages:
  train:
    cmd: python src/train.py
    deps:
    - path: data/titanic_drifted.csv
      hash: md5
      md5: 24c3477808948ba6298bde644331e66d
      size: 64551
    - path: src/train.py
      hash: md5
      md5: 328562632ac6da5d43af1df5e918dd9f
      size: 1971
    outs:
    - path: metrics_logistic_regression.json
      hash: md5
      md5: 921513b6949aaf0bacc4267ddbd01cb6
      size: 50
    - path: models/titanic_logistic_regression_model.pkl
      hash: md5
      md5: b9d2c207c013799aa56646b8c11a35e9
      size: 1247
